
Microsoft Visual Studio Solution File, Format Version 12.00
# Visual Studio Version 16
VisualStudioVersion = 16.0.31515.178
MinimumVisualStudioVersion = 10.0.40219.1
Project("{FAE04EC0-301F-11D3-BF4B-00C04F79EFBC}") = "ProductsApp", "ProductsApp\ProductsApp.csproj", "{C5D3EFCE-EA6D-4ED1-B235-5F32377F83BE}"
EndProject
Project("{FAE04EC0-301F-11D3-BF4B-00C04F79EFBC}") = "Domain", "Domain\Domain.csproj", "{71CDE7FE-B685-4FDC-822F-F03A338B4EF3}"
EndProject
Project("{FAE04EC0-301F-11D3-BF4B-00C04F79EFBC}") = "Services", "Services\Services.csproj", "{56A86EAB-5F76-4910-AEA2-D5FF860DF6A9}"
EndProject
Project("{FAE04EC0-301F-11D3-BF4B-00C04F79EFBC}") = "Helpers", "Helpers\Helpers.csproj", "{0AFE887F-2928-4307-8FF4-2915E5074919}"
EndProject
Global
	GlobalSection(SolutionConfigurationPlatforms) = preSolution
		Debug|Any CPU = Debug|Any CPU
		Release|Any CPU = Release|Any CPU
	EndGlobalSection
	GlobalSection(ProjectConfigurationPlatforms) = postSolution
		{C5D3EFCE-EA6D-4ED1-B235-5F32377F83BE}.Debug|Any CPU.ActiveCfg = Debug|Any CPU
		{C5D3EFCE-EA6D-4ED1-B235-5F32377F83BE}.Debug|Any CPU.Build.0 = Debug|Any CPU
		{C5D3EFCE-EA6D-4ED1-B235-5F32377F83BE}.Release|Any CPU.ActiveCfg = Release|Any CPU
		{C5D3EFCE-EA6D-4ED1-B235-5F32377F83BE}.Release|Any CPU.Build.0 = Release|Any CPU
		{71CDE7FE-B685-4FDC-822F-F03A338B4EF3}.Debug|Any CPU.ActiveCfg = Debug|Any CPU
		{71CDE7FE-B685-4FDC-822F-F03A338B4EF3}.Debug|Any CPU.Build.0 = Debug|Any CPU
		{71CDE7FE-B685-4FDC-822F-F03A338B4EF3}.Release|Any CPU.ActiveCfg = Release|Any CPU
		{71CDE7FE-B685-4FDC-822F-F03A338B4EF3}.Release|Any CPU.Build.0 = Release|Any CPU
		{56A86EAB-5F76-4910-AEA2-D5FF860DF6A9}.Debug|Any CPU.ActiveCfg = Debug|Any CPU
		{56A86EAB-5F76-4910-AEA2-D5FF860DF6A9}.Debug|Any CPU.Build.0 = Debug|Any CPU
		{56A86EAB-5F76-4910-AEA2-D5FF860DF6A9}.Release|Any CPU.ActiveCfg = Release|Any CPU
		{56A86EAB-5F76-4910-AEA2-D5FF860DF6A9}.Release|Any CPU.Build.0 = Release|Any CPU
		{0AFE887F-2928-4307-8FF4-2915E5074919}.Debug|Any CPU.ActiveCfg = Debug|Any CPU
		{0AFE887F-2928-4307-8FF4-2915E5074919}.Debug|Any CPU.Build.0 = Debug|Any CPU
		{0AFE887F-2928-4307-8FF4-2915E5074919}.Release|Any CPU.ActiveCfg = Release|Any CPU
		{0AFE887F-2928-4307-8FF4-2915E5074919}.Release|Any CPU.Build.0 = Release|Any CPU
	EndGlobalSection
	GlobalSection(SolutionProperties) = preSolution
		HideSolutionNode = FALSE
	EndGlobalSection
	GlobalSection(ExtensibilityGlobals) = postSolution
		SolutionGuid = {AE4D1C3A-66CF-42CA-9C06-ECCA60A4B8FA}
	EndGlobalSection
EndGlobal
